// !$*UTF8*$!
{
	archiveVersion = 1;
	classes = {
	};
	objectVersion = 48;
	objects = {

/* Begin PBXBuildFile section */
		4B6C7DD22076828900AFBC56 /* SettingsTableViewController.swift in Sources */ = {isa = PBXBuildFile; fileRef = 4B6C7DD12076828900AFBC56 /* SettingsTableViewController.swift */; };
		4B6E28682078DA4A0074D1B9 /* SearchForBookViewController.swift in Sources */ = {isa = PBXBuildFile; fileRef = 4B6E28672078DA4A0074D1B9 /* SearchForBookViewController.swift */; };
		4B6E286A2078E0310074D1B9 /* FriendsTableViewController.swift in Sources */ = {isa = PBXBuildFile; fileRef = 4B6E28692078E0310074D1B9 /* FriendsTableViewController.swift */; };
		4B6E286C2078E0840074D1B9 /* FriendTableViewCell.swift in Sources */ = {isa = PBXBuildFile; fileRef = 4B6E286B2078E0840074D1B9 /* FriendTableViewCell.swift */; };
		4B6E286E2078E2C40074D1B9 /* FriendsTableViewModel.swift in Sources */ = {isa = PBXBuildFile; fileRef = 4B6E286D2078E2C40074D1B9 /* FriendsTableViewModel.swift */; };
		4B6E28702078FE830074D1B9 /* BackButtonHelper.swift in Sources */ = {isa = PBXBuildFile; fileRef = 4B6E286F2078FE830074D1B9 /* BackButtonHelper.swift */; };
		4B6E2872207905370074D1B9 /* SearchForBookViewModel.swift in Sources */ = {isa = PBXBuildFile; fileRef = 4B6E2871207905370074D1B9 /* SearchForBookViewModel.swift */; };
		4B6E2876207908630074D1B9 /* SearchForBookCollectionViewCell.swift in Sources */ = {isa = PBXBuildFile; fileRef = 4B6E2875207908630074D1B9 /* SearchForBookCollectionViewCell.swift */; };
		4B6E28782079095E0074D1B9 /* ImageResize.swift in Sources */ = {isa = PBXBuildFile; fileRef = 4B6E28772079095E0074D1B9 /* ImageResize.swift */; };
		4B6E287A2079102D0074D1B9 /* AddBookInfoViewController.swift in Sources */ = {isa = PBXBuildFile; fileRef = 4B6E28792079102D0074D1B9 /* AddBookInfoViewController.swift */; };
		4B6E287C207911B70074D1B9 /* AddBookInfoViewModel.swift in Sources */ = {isa = PBXBuildFile; fileRef = 4B6E287B207911B70074D1B9 /* AddBookInfoViewModel.swift */; };
		4B6E287E207A14A60074D1B9 /* GoogleResultsCollectionViewController.swift in Sources */ = {isa = PBXBuildFile; fileRef = 4B6E287D207A14A60074D1B9 /* GoogleResultsCollectionViewController.swift */; };
		4B6E2880207A159E0074D1B9 /* GoogleResultCollectionViewCell.swift in Sources */ = {isa = PBXBuildFile; fileRef = 4B6E287F207A159E0074D1B9 /* GoogleResultCollectionViewCell.swift */; };
		4B6E2882207A16190074D1B9 /* GoogleResultViewModel.swift in Sources */ = {isa = PBXBuildFile; fileRef = 4B6E2881207A16190074D1B9 /* GoogleResultViewModel.swift */; };
		4B6E2885207A5E070074D1B9 /* CustomInfiniteIndicator.swift in Sources */ = {isa = PBXBuildFile; fileRef = 4B6E2884207A5E070074D1B9 /* CustomInfiniteIndicator.swift */; };
		4B7A74512074DFCE003BAE07 /* MyLibraryViewController.swift in Sources */ = {isa = PBXBuildFile; fileRef = 4B7A74502074DFCE003BAE07 /* MyLibraryViewController.swift */; };
		4B7A74532074E291003BAE07 /* Book.swift in Sources */ = {isa = PBXBuildFile; fileRef = 4B7A74522074E291003BAE07 /* Book.swift */; };
		4B7A74552074E2B8003BAE07 /* Author.swift in Sources */ = {isa = PBXBuildFile; fileRef = 4B7A74542074E2B8003BAE07 /* Author.swift */; };
		4B7A74572074E595003BAE07 /* ApiClientBooks.swift in Sources */ = {isa = PBXBuildFile; fileRef = 4B7A74562074E595003BAE07 /* ApiClientBooks.swift */; };
		4B7A745A2074E7B4003BAE07 /* MyLibraryViewModel.swift in Sources */ = {isa = PBXBuildFile; fileRef = 4B7A74592074E7B4003BAE07 /* MyLibraryViewModel.swift */; };
		4B7A745D2074E9FB003BAE07 /* MyLibraryViewCell.swift in Sources */ = {isa = PBXBuildFile; fileRef = 4B7A745C2074E9FB003BAE07 /* MyLibraryViewCell.swift */; };
		4BB292DF2074C3A800C394CC /* AppDelegate.swift in Sources */ = {isa = PBXBuildFile; fileRef = 4BB292DE2074C3A800C394CC /* AppDelegate.swift */; };
		4BB292E12074C3A800C394CC /* ViewController.swift in Sources */ = {isa = PBXBuildFile; fileRef = 4BB292E02074C3A800C394CC /* ViewController.swift */; };
		4BB292E42074C3A800C394CC /* Main.storyboard in Resources */ = {isa = PBXBuildFile; fileRef = 4BB292E22074C3A800C394CC /* Main.storyboard */; };
		4BB292E72074C3A800C394CC /* Thesis.xcdatamodeld in Sources */ = {isa = PBXBuildFile; fileRef = 4BB292E52074C3A800C394CC /* Thesis.xcdatamodeld */; };
		4BB292E92074C3A800C394CC /* Assets.xcassets in Resources */ = {isa = PBXBuildFile; fileRef = 4BB292E82074C3A800C394CC /* Assets.xcassets */; };
		4BB292EC2074C3A800C394CC /* LaunchScreen.storyboard in Resources */ = {isa = PBXBuildFile; fileRef = 4BB292EA2074C3A800C394CC /* LaunchScreen.storyboard */; };
		4BB292F72074C3A800C394CC /* ThesisTests.swift in Sources */ = {isa = PBXBuildFile; fileRef = 4BB292F62074C3A800C394CC /* ThesisTests.swift */; };
		4BB293062074C69F00C394CC /* User.swift in Sources */ = {isa = PBXBuildFile; fileRef = 4BB293052074C69F00C394CC /* User.swift */; };
		4BB293082074C9E800C394CC /* LoginViewController.swift in Sources */ = {isa = PBXBuildFile; fileRef = 4BB293072074C9E800C394CC /* LoginViewController.swift */; };
		4BB2930A2074CA5000C394CC /* LoginViewModel.swift in Sources */ = {isa = PBXBuildFile; fileRef = 4BB293092074CA5000C394CC /* LoginViewModel.swift */; };
		4BB2930C2074CA7A00C394CC /* ApiClientUsers.swift in Sources */ = {isa = PBXBuildFile; fileRef = 4BB2930B2074CA7A00C394CC /* ApiClientUsers.swift */; };
		4BB2930F2074CB0D00C394CC /* Urls.swift in Sources */ = {isa = PBXBuildFile; fileRef = 4BB2930E2074CB0D00C394CC /* Urls.swift */; };
		4BB293112074CC1400C394CC /* ExtensionMethods.swift in Sources */ = {isa = PBXBuildFile; fileRef = 4BB293102074CC1400C394CC /* ExtensionMethods.swift */; };
		4BB293142074D9D600C394CC /* DisplayAlert.swift in Sources */ = {isa = PBXBuildFile; fileRef = 4BB293132074D9D600C394CC /* DisplayAlert.swift */; };
		4BCD7AC02077841400A2C5EC /* ActivityIndicatorHelper.swift in Sources */ = {isa = PBXBuildFile; fileRef = 4BCD7ABF2077841400A2C5EC /* ActivityIndicatorHelper.swift */; };
		B5557FC68E997C483CF4D04C /* Pods_Thesis.framework in Frameworks */ = {isa = PBXBuildFile; fileRef = 09EDC5BFC67582030AE3C144 /* Pods_Thesis.framework */; };
		C09F181445F02CE422EB2249 /* Pods_ThesisTests.framework in Frameworks */ = {isa = PBXBuildFile; fileRef = B6B79831F2E212EB41C8A18E /* Pods_ThesisTests.framework */; };
/* End PBXBuildFile section */

/* Begin PBXContainerItemProxy section */
		4BB292F32074C3A800C394CC /* PBXContainerItemProxy */ = {
			isa = PBXContainerItemProxy;
			containerPortal = 4BB292D32074C3A700C394CC /* Project object */;
			proxyType = 1;
			remoteGlobalIDString = 4BB292DA2074C3A700C394CC;
			remoteInfo = Thesis;
		};
/* End PBXContainerItemProxy section */

/* Begin PBXFileReference section */
		09EDC5BFC67582030AE3C144 /* Pods_Thesis.framework */ = {isa = PBXFileReference; explicitFileType = wrapper.framework; includeInIndex = 0; path = Pods_Thesis.framework; sourceTree = BUILT_PRODUCTS_DIR; };
		1669DD6DA6518B49529F2656 /* Pods-ThesisTests.release.xcconfig */ = {isa = PBXFileReference; includeInIndex = 1; lastKnownFileType = text.xcconfig; name = "Pods-ThesisTests.release.xcconfig"; path = "Pods/Target Support Files/Pods-ThesisTests/Pods-ThesisTests.release.xcconfig"; sourceTree = "<group>"; };
		4B6C7DD12076828900AFBC56 /* SettingsTableViewController.swift */ = {isa = PBXFileReference; lastKnownFileType = sourcecode.swift; path = SettingsTableViewController.swift; sourceTree = "<group>"; };
		4B6E28672078DA4A0074D1B9 /* SearchForBookViewController.swift */ = {isa = PBXFileReference; lastKnownFileType = sourcecode.swift; path = SearchForBookViewController.swift; sourceTree = "<group>"; };
		4B6E28692078E0310074D1B9 /* FriendsTableViewController.swift */ = {isa = PBXFileReference; lastKnownFileType = sourcecode.swift; path = FriendsTableViewController.swift; sourceTree = "<group>"; };
		4B6E286B2078E0840074D1B9 /* FriendTableViewCell.swift */ = {isa = PBXFileReference; lastKnownFileType = sourcecode.swift; path = FriendTableViewCell.swift; sourceTree = "<group>"; };
		4B6E286D2078E2C40074D1B9 /* FriendsTableViewModel.swift */ = {isa = PBXFileReference; lastKnownFileType = sourcecode.swift; path = FriendsTableViewModel.swift; sourceTree = "<group>"; };
		4B6E286F2078FE830074D1B9 /* BackButtonHelper.swift */ = {isa = PBXFileReference; lastKnownFileType = sourcecode.swift; path = BackButtonHelper.swift; sourceTree = "<group>"; };
		4B6E2871207905370074D1B9 /* SearchForBookViewModel.swift */ = {isa = PBXFileReference; lastKnownFileType = sourcecode.swift; path = SearchForBookViewModel.swift; sourceTree = "<group>"; };
		4B6E2875207908630074D1B9 /* SearchForBookCollectionViewCell.swift */ = {isa = PBXFileReference; lastKnownFileType = sourcecode.swift; path = SearchForBookCollectionViewCell.swift; sourceTree = "<group>"; };
		4B6E28772079095E0074D1B9 /* ImageResize.swift */ = {isa = PBXFileReference; lastKnownFileType = sourcecode.swift; path = ImageResize.swift; sourceTree = "<group>"; };
		4B6E28792079102D0074D1B9 /* AddBookInfoViewController.swift */ = {isa = PBXFileReference; lastKnownFileType = sourcecode.swift; path = AddBookInfoViewController.swift; sourceTree = "<group>"; };
		4B6E287B207911B70074D1B9 /* AddBookInfoViewModel.swift */ = {isa = PBXFileReference; lastKnownFileType = sourcecode.swift; path = AddBookInfoViewModel.swift; sourceTree = "<group>"; };
		4B6E287D207A14A60074D1B9 /* GoogleResultsCollectionViewController.swift */ = {isa = PBXFileReference; lastKnownFileType = sourcecode.swift; path = GoogleResultsCollectionViewController.swift; sourceTree = "<group>"; };
		4B6E287F207A159E0074D1B9 /* GoogleResultCollectionViewCell.swift */ = {isa = PBXFileReference; lastKnownFileType = sourcecode.swift; path = GoogleResultCollectionViewCell.swift; sourceTree = "<group>"; };
		4B6E2881207A16190074D1B9 /* GoogleResultViewModel.swift */ = {isa = PBXFileReference; lastKnownFileType = sourcecode.swift; path = GoogleResultViewModel.swift; sourceTree = "<group>"; };
		4B6E2883207A5D390074D1B9 /* Thesis-Bridging-Header.h */ = {isa = PBXFileReference; lastKnownFileType = sourcecode.c.h; path = "Thesis-Bridging-Header.h"; sourceTree = "<group>"; };
		4B6E2884207A5E070074D1B9 /* CustomInfiniteIndicator.swift */ = {isa = PBXFileReference; lastKnownFileType = sourcecode.swift; path = CustomInfiniteIndicator.swift; sourceTree = "<group>"; };
		4B7A74502074DFCE003BAE07 /* MyLibraryViewController.swift */ = {isa = PBXFileReference; lastKnownFileType = sourcecode.swift; path = MyLibraryViewController.swift; sourceTree = "<group>"; };
		4B7A74522074E291003BAE07 /* Book.swift */ = {isa = PBXFileReference; lastKnownFileType = sourcecode.swift; path = Book.swift; sourceTree = "<group>"; };
		4B7A74542074E2B8003BAE07 /* Author.swift */ = {isa = PBXFileReference; lastKnownFileType = sourcecode.swift; path = Author.swift; sourceTree = "<group>"; };
		4B7A74562074E595003BAE07 /* ApiClientBooks.swift */ = {isa = PBXFileReference; lastKnownFileType = sourcecode.swift; path = ApiClientBooks.swift; sourceTree = "<group>"; };
		4B7A74592074E7B4003BAE07 /* MyLibraryViewModel.swift */ = {isa = PBXFileReference; lastKnownFileType = sourcecode.swift; path = MyLibraryViewModel.swift; sourceTree = "<group>"; };
		4B7A745C2074E9FB003BAE07 /* MyLibraryViewCell.swift */ = {isa = PBXFileReference; lastKnownFileType = sourcecode.swift; path = MyLibraryViewCell.swift; sourceTree = "<group>"; };
		4BB292DB2074C3A800C394CC /* Thesis.app */ = {isa = PBXFileReference; explicitFileType = wrapper.application; includeInIndex = 0; path = Thesis.app; sourceTree = BUILT_PRODUCTS_DIR; };
		4BB292DE2074C3A800C394CC /* AppDelegate.swift */ = {isa = PBXFileReference; lastKnownFileType = sourcecode.swift; path = AppDelegate.swift; sourceTree = "<group>"; };
		4BB292E02074C3A800C394CC /* ViewController.swift */ = {isa = PBXFileReference; lastKnownFileType = sourcecode.swift; path = ViewController.swift; sourceTree = "<group>"; };
		4BB292E32074C3A800C394CC /* Base */ = {isa = PBXFileReference; lastKnownFileType = file.storyboard; name = Base; path = Base.lproj/Main.storyboard; sourceTree = "<group>"; };
		4BB292E62074C3A800C394CC /* Thesis.xcdatamodel */ = {isa = PBXFileReference; lastKnownFileType = wrapper.xcdatamodel; path = Thesis.xcdatamodel; sourceTree = "<group>"; };
		4BB292E82074C3A800C394CC /* Assets.xcassets */ = {isa = PBXFileReference; lastKnownFileType = folder.assetcatalog; path = Assets.xcassets; sourceTree = "<group>"; };
		4BB292EB2074C3A800C394CC /* Base */ = {isa = PBXFileReference; lastKnownFileType = file.storyboard; name = Base; path = Base.lproj/LaunchScreen.storyboard; sourceTree = "<group>"; };
		4BB292ED2074C3A800C394CC /* Info.plist */ = {isa = PBXFileReference; lastKnownFileType = text.plist.xml; path = Info.plist; sourceTree = "<group>"; };
		4BB292F22074C3A800C394CC /* ThesisTests.xctest */ = {isa = PBXFileReference; explicitFileType = wrapper.cfbundle; includeInIndex = 0; path = ThesisTests.xctest; sourceTree = BUILT_PRODUCTS_DIR; };
		4BB292F62074C3A800C394CC /* ThesisTests.swift */ = {isa = PBXFileReference; lastKnownFileType = sourcecode.swift; path = ThesisTests.swift; sourceTree = "<group>"; };
		4BB292F82074C3A800C394CC /* Info.plist */ = {isa = PBXFileReference; lastKnownFileType = text.plist.xml; path = Info.plist; sourceTree = "<group>"; };
		4BB293052074C69F00C394CC /* User.swift */ = {isa = PBXFileReference; lastKnownFileType = sourcecode.swift; path = User.swift; sourceTree = "<group>"; };
		4BB293072074C9E800C394CC /* LoginViewController.swift */ = {isa = PBXFileReference; lastKnownFileType = sourcecode.swift; path = LoginViewController.swift; sourceTree = "<group>"; };
		4BB293092074CA5000C394CC /* LoginViewModel.swift */ = {isa = PBXFileReference; lastKnownFileType = sourcecode.swift; path = LoginViewModel.swift; sourceTree = "<group>"; };
		4BB2930B2074CA7A00C394CC /* ApiClientUsers.swift */ = {isa = PBXFileReference; lastKnownFileType = sourcecode.swift; path = ApiClientUsers.swift; sourceTree = "<group>"; };
		4BB2930E2074CB0D00C394CC /* Urls.swift */ = {isa = PBXFileReference; lastKnownFileType = sourcecode.swift; path = Urls.swift; sourceTree = "<group>"; };
		4BB293102074CC1400C394CC /* ExtensionMethods.swift */ = {isa = PBXFileReference; lastKnownFileType = sourcecode.swift; path = ExtensionMethods.swift; sourceTree = "<group>"; };
		4BB293132074D9D600C394CC /* DisplayAlert.swift */ = {isa = PBXFileReference; lastKnownFileType = sourcecode.swift; path = DisplayAlert.swift; sourceTree = "<group>"; };
		4BCD7ABF2077841400A2C5EC /* ActivityIndicatorHelper.swift */ = {isa = PBXFileReference; lastKnownFileType = sourcecode.swift; path = ActivityIndicatorHelper.swift; sourceTree = "<group>"; };
		96EFC55EBAE76A82C9AED4F4 /* Pods-ThesisTests.debug.xcconfig */ = {isa = PBXFileReference; includeInIndex = 1; lastKnownFileType = text.xcconfig; name = "Pods-ThesisTests.debug.xcconfig"; path = "Pods/Target Support Files/Pods-ThesisTests/Pods-ThesisTests.debug.xcconfig"; sourceTree = "<group>"; };
		B6B79831F2E212EB41C8A18E /* Pods_ThesisTests.framework */ = {isa = PBXFileReference; explicitFileType = wrapper.framework; includeInIndex = 0; path = Pods_ThesisTests.framework; sourceTree = BUILT_PRODUCTS_DIR; };
		BD7F349DD541FA85773953D1 /* Pods-Thesis.release.xcconfig */ = {isa = PBXFileReference; includeInIndex = 1; lastKnownFileType = text.xcconfig; name = "Pods-Thesis.release.xcconfig"; path = "Pods/Target Support Files/Pods-Thesis/Pods-Thesis.release.xcconfig"; sourceTree = "<group>"; };
		FC41471E53288871ED4CB4ED /* Pods-Thesis.debug.xcconfig */ = {isa = PBXFileReference; includeInIndex = 1; lastKnownFileType = text.xcconfig; name = "Pods-Thesis.debug.xcconfig"; path = "Pods/Target Support Files/Pods-Thesis/Pods-Thesis.debug.xcconfig"; sourceTree = "<group>"; };
/* End PBXFileReference section */

/* Begin PBXFrameworksBuildPhase section */
		4BB292D82074C3A700C394CC /* Frameworks */ = {
			isa = PBXFrameworksBuildPhase;
			buildActionMask = 2147483647;
			files = (
				B5557FC68E997C483CF4D04C /* Pods_Thesis.framework in Frameworks */,
			);
			runOnlyForDeploymentPostprocessing = 0;
		};
		4BB292EF2074C3A800C394CC /* Frameworks */ = {
			isa = PBXFrameworksBuildPhase;
			buildActionMask = 2147483647;
			files = (
				C09F181445F02CE422EB2249 /* Pods_ThesisTests.framework in Frameworks */,
			);
			runOnlyForDeploymentPostprocessing = 0;
		};
/* End PBXFrameworksBuildPhase section */

/* Begin PBXGroup section */
		4B6E28742079084B0074D1B9 /* CollectionViewCells */ = {
			isa = PBXGroup;
			children = (
				4B6E2875207908630074D1B9 /* SearchForBookCollectionViewCell.swift */,
				4B6E287F207A159E0074D1B9 /* GoogleResultCollectionViewCell.swift */,
			);
			path = CollectionViewCells;
			sourceTree = "<group>";
		};
		4B7A745B2074E9ED003BAE07 /* TableViewCells */ = {
			isa = PBXGroup;
			children = (
				4B7A745C2074E9FB003BAE07 /* MyLibraryViewCell.swift */,
				4B6E286B2078E0840074D1B9 /* FriendTableViewCell.swift */,
			);
			path = TableViewCells;
			sourceTree = "<group>";
		};
		4BB292D22074C3A700C394CC = {
			isa = PBXGroup;
			children = (
				4B6E2883207A5D390074D1B9 /* Thesis-Bridging-Header.h */,
				4BB292DD2074C3A800C394CC /* Thesis */,
				4BB292F52074C3A800C394CC /* ThesisTests */,
				4BB292DC2074C3A800C394CC /* Products */,
				C2B8531AF2B0E7C4919D1500 /* Pods */,
				933DEA7C5C1F8A73F0D5228E /* Frameworks */,
			);
			sourceTree = "<group>";
		};
		4BB292DC2074C3A800C394CC /* Products */ = {
			isa = PBXGroup;
			children = (
				4BB292DB2074C3A800C394CC /* Thesis.app */,
				4BB292F22074C3A800C394CC /* ThesisTests.xctest */,
			);
			name = Products;
			sourceTree = "<group>";
		};
		4BB292DD2074C3A800C394CC /* Thesis */ = {
			isa = PBXGroup;
			children = (
				4B6E28742079084B0074D1B9 /* CollectionViewCells */,
				4B7A745B2074E9ED003BAE07 /* TableViewCells */,
				4BB293042074C63F00C394CC /* Models */,
				4BB293032074C63300C394CC /* ViewControllers */,
				4BB293022074C62B00C394CC /* ViewModels */,
				4BB293012074C61A00C394CC /* Utils */,
				4BB292DE2074C3A800C394CC /* AppDelegate.swift */,
				4BB292E02074C3A800C394CC /* ViewController.swift */,
				4BB292E22074C3A800C394CC /* Main.storyboard */,
				4BB292E82074C3A800C394CC /* Assets.xcassets */,
				4BB292EA2074C3A800C394CC /* LaunchScreen.storyboard */,
				4BB292ED2074C3A800C394CC /* Info.plist */,
				4BB292E52074C3A800C394CC /* Thesis.xcdatamodeld */,
			);
			path = Thesis;
			sourceTree = "<group>";
		};
		4BB292F52074C3A800C394CC /* ThesisTests */ = {
			isa = PBXGroup;
			children = (
				4BB292F62074C3A800C394CC /* ThesisTests.swift */,
				4BB292F82074C3A800C394CC /* Info.plist */,
			);
			path = ThesisTests;
			sourceTree = "<group>";
		};
		4BB293012074C61A00C394CC /* Utils */ = {
			isa = PBXGroup;
			children = (
				4BB293122074D9BC00C394CC /* Helper methods */,
				4BB2930D2074CAFD00C394CC /* Constants */,
				4BB2930B2074CA7A00C394CC /* ApiClientUsers.swift */,
				4B7A74562074E595003BAE07 /* ApiClientBooks.swift */,
			);
			path = Utils;
			sourceTree = "<group>";
		};
		4BB293022074C62B00C394CC /* ViewModels */ = {
			isa = PBXGroup;
			children = (
				4BB293092074CA5000C394CC /* LoginViewModel.swift */,
				4B7A74592074E7B4003BAE07 /* MyLibraryViewModel.swift */,
				4B6E286D2078E2C40074D1B9 /* FriendsTableViewModel.swift */,
				4B6E2871207905370074D1B9 /* SearchForBookViewModel.swift */,
				4B6E287B207911B70074D1B9 /* AddBookInfoViewModel.swift */,
				4B6E2881207A16190074D1B9 /* GoogleResultViewModel.swift */,
			);
			path = ViewModels;
			sourceTree = "<group>";
		};
		4BB293032074C63300C394CC /* ViewControllers */ = {
			isa = PBXGroup;
			children = (
				4BB293072074C9E800C394CC /* LoginViewController.swift */,
				4B7A74502074DFCE003BAE07 /* MyLibraryViewController.swift */,
				4B6C7DD12076828900AFBC56 /* SettingsTableViewController.swift */,
				4B6E28672078DA4A0074D1B9 /* SearchForBookViewController.swift */,
				4B6E28692078E0310074D1B9 /* FriendsTableViewController.swift */,
				4B6E28792079102D0074D1B9 /* AddBookInfoViewController.swift */,
				4B6E287D207A14A60074D1B9 /* GoogleResultsCollectionViewController.swift */,
			);
			path = ViewControllers;
			sourceTree = "<group>";
		};
		4BB293042074C63F00C394CC /* Models */ = {
			isa = PBXGroup;
			children = (
				4BB293052074C69F00C394CC /* User.swift */,
				4B7A74522074E291003BAE07 /* Book.swift */,
				4B7A74542074E2B8003BAE07 /* Author.swift */,
			);
			path = Models;
			sourceTree = "<group>";
		};
		4BB2930D2074CAFD00C394CC /* Constants */ = {
			isa = PBXGroup;
			children = (
				4BB2930E2074CB0D00C394CC /* Urls.swift */,
				4BB293102074CC1400C394CC /* ExtensionMethods.swift */,
			);
			path = Constants;
			sourceTree = "<group>";
		};
		4BB293122074D9BC00C394CC /* Helper methods */ = {
			isa = PBXGroup;
			children = (
				4BB293132074D9D600C394CC /* DisplayAlert.swift */,
				4BCD7ABF2077841400A2C5EC /* ActivityIndicatorHelper.swift */,
				4B6E286F2078FE830074D1B9 /* BackButtonHelper.swift */,
				4B6E28772079095E0074D1B9 /* ImageResize.swift */,
				4B6E2884207A5E070074D1B9 /* CustomInfiniteIndicator.swift */,
			);
			path = "Helper methods";
			sourceTree = "<group>";
		};
		933DEA7C5C1F8A73F0D5228E /* Frameworks */ = {
			isa = PBXGroup;
			children = (
				09EDC5BFC67582030AE3C144 /* Pods_Thesis.framework */,
				B6B79831F2E212EB41C8A18E /* Pods_ThesisTests.framework */,
			);
			name = Frameworks;
			sourceTree = "<group>";
		};
		C2B8531AF2B0E7C4919D1500 /* Pods */ = {
			isa = PBXGroup;
			children = (
				FC41471E53288871ED4CB4ED /* Pods-Thesis.debug.xcconfig */,
				BD7F349DD541FA85773953D1 /* Pods-Thesis.release.xcconfig */,
				96EFC55EBAE76A82C9AED4F4 /* Pods-ThesisTests.debug.xcconfig */,
				1669DD6DA6518B49529F2656 /* Pods-ThesisTests.release.xcconfig */,
			);
			name = Pods;
			sourceTree = "<group>";
		};
/* End PBXGroup section */

/* Begin PBXNativeTarget section */
		4BB292DA2074C3A700C394CC /* Thesis */ = {
			isa = PBXNativeTarget;
			buildConfigurationList = 4BB292FB2074C3A800C394CC /* Build configuration list for PBXNativeTarget "Thesis" */;
			buildPhases = (
				A926B993E95C57B56D6A5407 /* [CP] Check Pods Manifest.lock */,
				4BB292D72074C3A700C394CC /* Sources */,
				4BB292D82074C3A700C394CC /* Frameworks */,
				4BB292D92074C3A700C394CC /* Resources */,
				E4581EA1B0AB5147599E686F /* [CP] Embed Pods Frameworks */,
				2361E38A455363A7912325CF /* [CP] Copy Pods Resources */,
			);
			buildRules = (
			);
			dependencies = (
			);
			name = Thesis;
			productName = Thesis;
			productReference = 4BB292DB2074C3A800C394CC /* Thesis.app */;
			productType = "com.apple.product-type.application";
		};
		4BB292F12074C3A800C394CC /* ThesisTests */ = {
			isa = PBXNativeTarget;
			buildConfigurationList = 4BB292FE2074C3A800C394CC /* Build configuration list for PBXNativeTarget "ThesisTests" */;
			buildPhases = (
				9CFEF02D0D2D9EDACAB2A837 /* [CP] Check Pods Manifest.lock */,
				4BB292EE2074C3A800C394CC /* Sources */,
				4BB292EF2074C3A800C394CC /* Frameworks */,
				4BB292F02074C3A800C394CC /* Resources */,
				DD6237CD76E7030BAF382AAE /* [CP] Embed Pods Frameworks */,
				4067CC41A30D126B6C400FCC /* [CP] Copy Pods Resources */,
			);
			buildRules = (
			);
			dependencies = (
				4BB292F42074C3A800C394CC /* PBXTargetDependency */,
			);
			name = ThesisTests;
			productName = ThesisTests;
			productReference = 4BB292F22074C3A800C394CC /* ThesisTests.xctest */;
			productType = "com.apple.product-type.bundle.unit-test";
		};
/* End PBXNativeTarget section */

/* Begin PBXProject section */
		4BB292D32074C3A700C394CC /* Project object */ = {
			isa = PBXProject;
			attributes = {
				LastSwiftUpdateCheck = 0920;
				LastUpgradeCheck = 0920;
				ORGANIZATIONNAME = "Tudor Stanila";
				TargetAttributes = {
					4BB292DA2074C3A700C394CC = {
						CreatedOnToolsVersion = 9.2;
						ProvisioningStyle = Automatic;
					};
					4BB292F12074C3A800C394CC = {
						CreatedOnToolsVersion = 9.2;
						ProvisioningStyle = Automatic;
						TestTargetID = 4BB292DA2074C3A700C394CC;
					};
				};
			};
			buildConfigurationList = 4BB292D62074C3A700C394CC /* Build configuration list for PBXProject "Thesis" */;
			compatibilityVersion = "Xcode 8.0";
			developmentRegion = en;
			hasScannedForEncodings = 0;
			knownRegions = (
				en,
				Base,
			);
			mainGroup = 4BB292D22074C3A700C394CC;
			productRefGroup = 4BB292DC2074C3A800C394CC /* Products */;
			projectDirPath = "";
			projectRoot = "";
			targets = (
				4BB292DA2074C3A700C394CC /* Thesis */,
				4BB292F12074C3A800C394CC /* ThesisTests */,
			);
		};
/* End PBXProject section */

/* Begin PBXResourcesBuildPhase section */
		4BB292D92074C3A700C394CC /* Resources */ = {
			isa = PBXResourcesBuildPhase;
			buildActionMask = 2147483647;
			files = (
				4BB292EC2074C3A800C394CC /* LaunchScreen.storyboard in Resources */,
				4BB292E92074C3A800C394CC /* Assets.xcassets in Resources */,
				4BB292E42074C3A800C394CC /* Main.storyboard in Resources */,
			);
			runOnlyForDeploymentPostprocessing = 0;
		};
		4BB292F02074C3A800C394CC /* Resources */ = {
			isa = PBXResourcesBuildPhase;
			buildActionMask = 2147483647;
			files = (
			);
			runOnlyForDeploymentPostprocessing = 0;
		};
/* End PBXResourcesBuildPhase section */

/* Begin PBXShellScriptBuildPhase section */
		2361E38A455363A7912325CF /* [CP] Copy Pods Resources */ = {
			isa = PBXShellScriptBuildPhase;
			buildActionMask = 2147483647;
			files = (
			);
			inputPaths = (
			);
			name = "[CP] Copy Pods Resources";
			outputPaths = (
			);
			runOnlyForDeploymentPostprocessing = 0;
			shellPath = /bin/sh;
			shellScript = "\"${SRCROOT}/Pods/Target Support Files/Pods-Thesis/Pods-Thesis-resources.sh\"\n";
			showEnvVarsInLog = 0;
		};
		4067CC41A30D126B6C400FCC /* [CP] Copy Pods Resources */ = {
			isa = PBXShellScriptBuildPhase;
			buildActionMask = 2147483647;
			files = (
			);
			inputPaths = (
			);
			name = "[CP] Copy Pods Resources";
			outputPaths = (
			);
			runOnlyForDeploymentPostprocessing = 0;
			shellPath = /bin/sh;
			shellScript = "\"${SRCROOT}/Pods/Target Support Files/Pods-ThesisTests/Pods-ThesisTests-resources.sh\"\n";
			showEnvVarsInLog = 0;
		};
		9CFEF02D0D2D9EDACAB2A837 /* [CP] Check Pods Manifest.lock */ = {
			isa = PBXShellScriptBuildPhase;
			buildActionMask = 2147483647;
			files = (
			);
			inputPaths = (
				"${PODS_PODFILE_DIR_PATH}/Podfile.lock",
				"${PODS_ROOT}/Manifest.lock",
			);
			name = "[CP] Check Pods Manifest.lock";
			outputPaths = (
				"$(DERIVED_FILE_DIR)/Pods-ThesisTests-checkManifestLockResult.txt",
			);
			runOnlyForDeploymentPostprocessing = 0;
			shellPath = /bin/sh;
			shellScript = "diff \"${PODS_PODFILE_DIR_PATH}/Podfile.lock\" \"${PODS_ROOT}/Manifest.lock\" > /dev/null\nif [ $? != 0 ] ; then\n    # print error to STDERR\n    echo \"error: The sandbox is not in sync with the Podfile.lock. Run 'pod install' or update your CocoaPods installation.\" >&2\n    exit 1\nfi\n# This output is used by Xcode 'outputs' to avoid re-running this script phase.\necho \"SUCCESS\" > \"${SCRIPT_OUTPUT_FILE_0}\"\n";
			showEnvVarsInLog = 0;
		};
		A926B993E95C57B56D6A5407 /* [CP] Check Pods Manifest.lock */ = {
			isa = PBXShellScriptBuildPhase;
			buildActionMask = 2147483647;
			files = (
			);
			inputPaths = (
				"${PODS_PODFILE_DIR_PATH}/Podfile.lock",
				"${PODS_ROOT}/Manifest.lock",
			);
			name = "[CP] Check Pods Manifest.lock";
			outputPaths = (
				"$(DERIVED_FILE_DIR)/Pods-Thesis-checkManifestLockResult.txt",
			);
			runOnlyForDeploymentPostprocessing = 0;
			shellPath = /bin/sh;
			shellScript = "diff \"${PODS_PODFILE_DIR_PATH}/Podfile.lock\" \"${PODS_ROOT}/Manifest.lock\" > /dev/null\nif [ $? != 0 ] ; then\n    # print error to STDERR\n    echo \"error: The sandbox is not in sync with the Podfile.lock. Run 'pod install' or update your CocoaPods installation.\" >&2\n    exit 1\nfi\n# This output is used by Xcode 'outputs' to avoid re-running this script phase.\necho \"SUCCESS\" > \"${SCRIPT_OUTPUT_FILE_0}\"\n";
			showEnvVarsInLog = 0;
		};
		DD6237CD76E7030BAF382AAE /* [CP] Embed Pods Frameworks */ = {
			isa = PBXShellScriptBuildPhase;
			buildActionMask = 2147483647;
			files = (
			);
			inputPaths = (
			);
			name = "[CP] Embed Pods Frameworks";
			outputPaths = (
			);
			runOnlyForDeploymentPostprocessing = 0;
			shellPath = /bin/sh;
			shellScript = "\"${SRCROOT}/Pods/Target Support Files/Pods-ThesisTests/Pods-ThesisTests-frameworks.sh\"\n";
			showEnvVarsInLog = 0;
		};
		E4581EA1B0AB5147599E686F /* [CP] Embed Pods Frameworks */ = {
			isa = PBXShellScriptBuildPhase;
			buildActionMask = 2147483647;
			files = (
			);
			inputPaths = (
				"${SRCROOT}/Pods/Target Support Files/Pods-Thesis/Pods-Thesis-frameworks.sh",
				"${BUILT_PRODUCTS_DIR}/Alamofire/Alamofire.framework",
				"${BUILT_PRODUCTS_DIR}/KeychainSwift/KeychainSwift.framework",
				"${BUILT_PRODUCTS_DIR}/SwiftyJSON/SwiftyJSON.framework",
				"${BUILT_PRODUCTS_DIR}/UIScrollView-InfiniteScroll/UIScrollView_InfiniteScroll.framework",
			);
			name = "[CP] Embed Pods Frameworks";
			outputPaths = (
				"${TARGET_BUILD_DIR}/${FRAMEWORKS_FOLDER_PATH}/Alamofire.framework",
				"${TARGET_BUILD_DIR}/${FRAMEWORKS_FOLDER_PATH}/KeychainSwift.framework",
				"${TARGET_BUILD_DIR}/${FRAMEWORKS_FOLDER_PATH}/SwiftyJSON.framework",
				"${TARGET_BUILD_DIR}/${FRAMEWORKS_FOLDER_PATH}/UIScrollView_InfiniteScroll.framework",
			);
			runOnlyForDeploymentPostprocessing = 0;
			shellPath = /bin/sh;
			shellScript = "\"${SRCROOT}/Pods/Target Support Files/Pods-Thesis/Pods-Thesis-frameworks.sh\"\n";
			showEnvVarsInLog = 0;
		};
/* End PBXShellScriptBuildPhase section */

/* Begin PBXSourcesBuildPhase section */
		4BB292D72074C3A700C394CC /* Sources */ = {
			isa = PBXSourcesBuildPhase;
			buildActionMask = 2147483647;
			files = (
				4B6E2880207A159E0074D1B9 /* GoogleResultCollectionViewCell.swift in Sources */,
				4B6E2876207908630074D1B9 /* SearchForBookCollectionViewCell.swift in Sources */,
				4B7A74572074E595003BAE07 /* ApiClientBooks.swift in Sources */,
				4BB293062074C69F00C394CC /* User.swift in Sources */,
				4B6E287E207A14A60074D1B9 /* GoogleResultsCollectionViewController.swift in Sources */,
				4BB292E12074C3A800C394CC /* ViewController.swift in Sources */,
				4B6E2885207A5E070074D1B9 /* CustomInfiniteIndicator.swift in Sources */,
				4B6E28702078FE830074D1B9 /* BackButtonHelper.swift in Sources */,
				4BB2930C2074CA7A00C394CC /* ApiClientUsers.swift in Sources */,
				4BB2930F2074CB0D00C394CC /* Urls.swift in Sources */,
				4BB293112074CC1400C394CC /* ExtensionMethods.swift in Sources */,
				4B6E286C2078E0840074D1B9 /* FriendTableViewCell.swift in Sources */,
				4B6C7DD22076828900AFBC56 /* SettingsTableViewController.swift in Sources */,
				4BB2930A2074CA5000C394CC /* LoginViewModel.swift in Sources */,
				4B6E287A2079102D0074D1B9 /* AddBookInfoViewController.swift in Sources */,
				4BB292DF2074C3A800C394CC /* AppDelegate.swift in Sources */,
				4B6E287C207911B70074D1B9 /* AddBookInfoViewModel.swift in Sources */,
				4B6E2872207905370074D1B9 /* SearchForBookViewModel.swift in Sources */,
				4B7A745D2074E9FB003BAE07 /* MyLibraryViewCell.swift in Sources */,
				4BCD7AC02077841400A2C5EC /* ActivityIndicatorHelper.swift in Sources */,
				4BB293142074D9D600C394CC /* DisplayAlert.swift in Sources */,
				4B7A745A2074E7B4003BAE07 /* MyLibraryViewModel.swift in Sources */,
				4B6E28682078DA4A0074D1B9 /* SearchForBookViewController.swift in Sources */,
				4B6E286A2078E0310074D1B9 /* FriendsTableViewController.swift in Sources */,
				4B7A74532074E291003BAE07 /* Book.swift in Sources */,
				4B6E286E2078E2C40074D1B9 /* FriendsTableViewModel.swift in Sources */,
				4B6E28782079095E0074D1B9 /* ImageResize.swift in Sources */,
				4B7A74552074E2B8003BAE07 /* Author.swift in Sources */,
				4B7A74512074DFCE003BAE07 /* MyLibraryViewController.swift in Sources */,
				4B6E2882207A16190074D1B9 /* GoogleResultViewModel.swift in Sources */,
				4BB293082074C9E800C394CC /* LoginViewController.swift in Sources */,
				4BB292E72074C3A800C394CC /* Thesis.xcdatamodeld in Sources */,
			);
			runOnlyForDeploymentPostprocessing = 0;
		};
		4BB292EE2074C3A800C394CC /* Sources */ = {
			isa = PBXSourcesBuildPhase;
			buildActionMask = 2147483647;
			files = (
				4BB292F72074C3A800C394CC /* ThesisTests.swift in Sources */,
			);
			runOnlyForDeploymentPostprocessing = 0;
		};
/* End PBXSourcesBuildPhase section */

/* Begin PBXTargetDependency section */
		4BB292F42074C3A800C394CC /* PBXTargetDependency */ = {
			isa = PBXTargetDependency;
			target = 4BB292DA2074C3A700C394CC /* Thesis */;
			targetProxy = 4BB292F32074C3A800C394CC /* PBXContainerItemProxy */;
		};
/* End PBXTargetDependency section */

/* Begin PBXVariantGroup section */
		4BB292E22074C3A800C394CC /* Main.storyboard */ = {
			isa = PBXVariantGroup;
			children = (
				4BB292E32074C3A800C394CC /* Base */,
			);
			name = Main.storyboard;
			sourceTree = "<group>";
		};
		4BB292EA2074C3A800C394CC /* LaunchScreen.storyboard */ = {
			isa = PBXVariantGroup;
			children = (
				4BB292EB2074C3A800C394CC /* Base */,
			);
			name = LaunchScreen.storyboard;
			sourceTree = "<group>";
		};
/* End PBXVariantGroup section */

/* Begin XCBuildConfiguration section */
		4BB292F92074C3A800C394CC /* Debug */ = {
			isa = XCBuildConfiguration;
			buildSettings = {
				ALWAYS_SEARCH_USER_PATHS = NO;
				CLANG_ANALYZER_NONNULL = YES;
				CLANG_ANALYZER_NUMBER_OBJECT_CONVERSION = YES_AGGRESSIVE;
				CLANG_CXX_LANGUAGE_STANDARD = "gnu++14";
				CLANG_CXX_LIBRARY = "libc++";
				CLANG_ENABLE_MODULES = YES;
				CLANG_ENABLE_OBJC_ARC = YES;
				CLANG_WARN_BLOCK_CAPTURE_AUTORELEASING = YES;
				CLANG_WARN_BOOL_CONVERSION = YES;
				CLANG_WARN_COMMA = YES;
				CLANG_WARN_CONSTANT_CONVERSION = YES;
				CLANG_WARN_DIRECT_OBJC_ISA_USAGE = YES_ERROR;
				CLANG_WARN_DOCUMENTATION_COMMENTS = YES;
				CLANG_WARN_EMPTY_BODY = YES;
				CLANG_WARN_ENUM_CONVERSION = YES;
				CLANG_WARN_INFINITE_RECURSION = YES;
				CLANG_WARN_INT_CONVERSION = YES;
				CLANG_WARN_NON_LITERAL_NULL_CONVERSION = YES;
				CLANG_WARN_OBJC_LITERAL_CONVERSION = YES;
				CLANG_WARN_OBJC_ROOT_CLASS = YES_ERROR;
				CLANG_WARN_RANGE_LOOP_ANALYSIS = YES;
				CLANG_WARN_STRICT_PROTOTYPES = YES;
				CLANG_WARN_SUSPICIOUS_MOVE = YES;
				CLANG_WARN_UNGUARDED_AVAILABILITY = YES_AGGRESSIVE;
				CLANG_WARN_UNREACHABLE_CODE = YES;
				CLANG_WARN__DUPLICATE_METHOD_MATCH = YES;
				CODE_SIGN_IDENTITY = "iPhone Developer";
				COPY_PHASE_STRIP = NO;
				DEBUG_INFORMATION_FORMAT = dwarf;
				ENABLE_STRICT_OBJC_MSGSEND = YES;
				ENABLE_TESTABILITY = YES;
				GCC_C_LANGUAGE_STANDARD = gnu11;
				GCC_DYNAMIC_NO_PIC = NO;
				GCC_NO_COMMON_BLOCKS = YES;
				GCC_OPTIMIZATION_LEVEL = 0;
				GCC_PREPROCESSOR_DEFINITIONS = (
					"DEBUG=1",
					"$(inherited)",
				);
				GCC_WARN_64_TO_32_BIT_CONVERSION = YES;
				GCC_WARN_ABOUT_RETURN_TYPE = YES_ERROR;
				GCC_WARN_UNDECLARED_SELECTOR = YES;
				GCC_WARN_UNINITIALIZED_AUTOS = YES_AGGRESSIVE;
				GCC_WARN_UNUSED_FUNCTION = YES;
				GCC_WARN_UNUSED_VARIABLE = YES;
				IPHONEOS_DEPLOYMENT_TARGET = 11.2;
				MTL_ENABLE_DEBUG_INFO = YES;
				ONLY_ACTIVE_ARCH = YES;
				SDKROOT = iphoneos;
				SWIFT_ACTIVE_COMPILATION_CONDITIONS = DEBUG;
				SWIFT_OPTIMIZATION_LEVEL = "-Onone";
			};
			name = Debug;
		};
		4BB292FA2074C3A800C394CC /* Release */ = {
			isa = XCBuildConfiguration;
			buildSettings = {
				ALWAYS_SEARCH_USER_PATHS = NO;
				CLANG_ANALYZER_NONNULL = YES;
				CLANG_ANALYZER_NUMBER_OBJECT_CONVERSION = YES_AGGRESSIVE;
				CLANG_CXX_LANGUAGE_STANDARD = "gnu++14";
				CLANG_CXX_LIBRARY = "libc++";
				CLANG_ENABLE_MODULES = YES;
				CLANG_ENABLE_OBJC_ARC = YES;
				CLANG_WARN_BLOCK_CAPTURE_AUTORELEASING = YES;
				CLANG_WARN_BOOL_CONVERSION = YES;
				CLANG_WARN_COMMA = YES;
				CLANG_WARN_CONSTANT_CONVERSION = YES;
				CLANG_WARN_DIRECT_OBJC_ISA_USAGE = YES_ERROR;
				CLANG_WARN_DOCUMENTATION_COMMENTS = YES;
				CLANG_WARN_EMPTY_BODY = YES;
				CLANG_WARN_ENUM_CONVERSION = YES;
				CLANG_WARN_INFINITE_RECURSION = YES;
				CLANG_WARN_INT_CONVERSION = YES;
				CLANG_WARN_NON_LITERAL_NULL_CONVERSION = YES;
				CLANG_WARN_OBJC_LITERAL_CONVERSION = YES;
				CLANG_WARN_OBJC_ROOT_CLASS = YES_ERROR;
				CLANG_WARN_RANGE_LOOP_ANALYSIS = YES;
				CLANG_WARN_STRICT_PROTOTYPES = YES;
				CLANG_WARN_SUSPICIOUS_MOVE = YES;
				CLANG_WARN_UNGUARDED_AVAILABILITY = YES_AGGRESSIVE;
				CLANG_WARN_UNREACHABLE_CODE = YES;
				CLANG_WARN__DUPLICATE_METHOD_MATCH = YES;
				CODE_SIGN_IDENTITY = "iPhone Developer";
				COPY_PHASE_STRIP = NO;
				DEBUG_INFORMATION_FORMAT = "dwarf-with-dsym";
				ENABLE_NS_ASSERTIONS = NO;
				ENABLE_STRICT_OBJC_MSGSEND = YES;
				GCC_C_LANGUAGE_STANDARD = gnu11;
				GCC_NO_COMMON_BLOCKS = YES;
				GCC_WARN_64_TO_32_BIT_CONVERSION = YES;
				GCC_WARN_ABOUT_RETURN_TYPE = YES_ERROR;
				GCC_WARN_UNDECLARED_SELECTOR = YES;
				GCC_WARN_UNINITIALIZED_AUTOS = YES_AGGRESSIVE;
				GCC_WARN_UNUSED_FUNCTION = YES;
				GCC_WARN_UNUSED_VARIABLE = YES;
				IPHONEOS_DEPLOYMENT_TARGET = 11.2;
				MTL_ENABLE_DEBUG_INFO = NO;
				SDKROOT = iphoneos;
				SWIFT_OPTIMIZATION_LEVEL = "-Owholemodule";
				VALIDATE_PRODUCT = YES;
			};
			name = Release;
		};
		4BB292FC2074C3A800C394CC /* Debug */ = {
			isa = XCBuildConfiguration;
			baseConfigurationReference = FC41471E53288871ED4CB4ED /* Pods-Thesis.debug.xcconfig */;
			buildSettings = {
				ASSETCATALOG_COMPILER_APPICON_NAME = AppIcon;
				CODE_SIGN_STYLE = Automatic;
				DEVELOPMENT_TEAM = KM3C4M2S4T;
				INFOPLIST_FILE = Thesis/Info.plist;
				LD_RUNPATH_SEARCH_PATHS = "$(inherited) @executable_path/Frameworks";
				PRODUCT_BUNDLE_IDENTIFIER = com.tudor.mobile.Thesis;
				PRODUCT_NAME = "$(TARGET_NAME)";
				SWIFT_OBJC_BRIDGING_HEADER = "Thesis-Bridging-Header.h";
				SWIFT_VERSION = 4.0;
				TARGETED_DEVICE_FAMILY = "1,2";
			};
			name = Debug;
		};
		4BB292FD2074C3A800C394CC /* Release */ = {
			isa = XCBuildConfiguration;
			baseConfigurationReference = BD7F349DD541FA85773953D1 /* Pods-Thesis.release.xcconfig */;
			buildSettings = {
				ASSETCATALOG_COMPILER_APPICON_NAME = AppIcon;
				CODE_SIGN_STYLE = Automatic;
				DEVELOPMENT_TEAM = KM3C4M2S4T;
				INFOPLIST_FILE = Thesis/Info.plist;
				LD_RUNPATH_SEARCH_PATHS = "$(inherited) @executable_path/Frameworks";
				PRODUCT_BUNDLE_IDENTIFIER = com.tudor.mobile.Thesis;
				PRODUCT_NAME = "$(TARGET_NAME)";
				SWIFT_OBJC_BRIDGING_HEADER = "Thesis-Bridging-Header.h";
				SWIFT_VERSION = 4.0;
				TARGETED_DEVICE_FAMILY = "1,2";
			};
			name = Release;
		};
		4BB292FF2074C3A800C394CC /* Debug */ = {
			isa = XCBuildConfiguration;
			baseConfigurationReference = 96EFC55EBAE76A82C9AED4F4 /* Pods-ThesisTests.debug.xcconfig */;
			buildSettings = {
				ALWAYS_EMBED_SWIFT_STANDARD_LIBRARIES = YES;
				BUNDLE_LOADER = "$(TEST_HOST)";
				CODE_SIGN_STYLE = Automatic;
				DEVELOPMENT_TEAM = KM3C4M2S4T;
				INFOPLIST_FILE = ThesisTests/Info.plist;
				LD_RUNPATH_SEARCH_PATHS = "$(inherited) @executable_path/Frameworks @loader_path/Frameworks";
				PRODUCT_BUNDLE_IDENTIFIER = com.tudor.mobile.ThesisTests;
				PRODUCT_NAME = "$(TARGET_NAME)";
				SWIFT_VERSION = 4.0;
				TARGETED_DEVICE_FAMILY = "1,2";
				TEST_HOST = "$(BUILT_PRODUCTS_DIR)/Thesis.app/Thesis";
			};
			name = Debug;
		};
		4BB293002074C3A800C394CC /* Release */ = {
			isa = XCBuildConfiguration;
			baseConfigurationReference = 1669DD6DA6518B49529F2656 /* Pods-ThesisTests.release.xcconfig */;
			buildSettings = {
				ALWAYS_EMBED_SWIFT_STANDARD_LIBRARIES = YES;
				BUNDLE_LOADER = "$(TEST_HOST)";
				CODE_SIGN_STYLE = Automatic;
				DEVELOPMENT_TEAM = KM3C4M2S4T;
				INFOPLIST_FILE = ThesisTests/Info.plist;
				LD_RUNPATH_SEARCH_PATHS = "$(inherited) @executable_path/Frameworks @loader_path/Frameworks";
				PRODUCT_BUNDLE_IDENTIFIER = com.tudor.mobile.ThesisTests;
				PRODUCT_NAME = "$(TARGET_NAME)";
				SWIFT_VERSION = 4.0;
				TARGETED_DEVICE_FAMILY = "1,2";
				TEST_HOST = "$(BUILT_PRODUCTS_DIR)/Thesis.app/Thesis";
			};
			name = Release;
		};
/* End XCBuildConfiguration section */

/* Begin XCConfigurationList section */
		4BB292D62074C3A700C394CC /* Build configuration list for PBXProject "Thesis" */ = {
			isa = XCConfigurationList;
			buildConfigurations = (
				4BB292F92074C3A800C394CC /* Debug */,
				4BB292FA2074C3A800C394CC /* Release */,
			);
			defaultConfigurationIsVisible = 0;
			defaultConfigurationName = Release;
		};
		4BB292FB2074C3A800C394CC /* Build configuration list for PBXNativeTarget "Thesis" */ = {
			isa = XCConfigurationList;
			buildConfigurations = (
				4BB292FC2074C3A800C394CC /* Debug */,
				4BB292FD2074C3A800C394CC /* Release */,
			);
			defaultConfigurationIsVisible = 0;
			defaultConfigurationName = Release;
		};
		4BB292FE2074C3A800C394CC /* Build configuration list for PBXNativeTarget "ThesisTests" */ = {
			isa = XCConfigurationList;
			buildConfigurations = (
				4BB292FF2074C3A800C394CC /* Debug */,
				4BB293002074C3A800C394CC /* Release */,
			);
			defaultConfigurationIsVisible = 0;
			defaultConfigurationName = Release;
		};
/* End XCConfigurationList section */

/* Begin XCVersionGroup section */
		4BB292E52074C3A800C394CC /* Thesis.xcdatamodeld */ = {
			isa = XCVersionGroup;
			children = (
				4BB292E62074C3A800C394CC /* Thesis.xcdatamodel */,
			);
			currentVersion = 4BB292E62074C3A800C394CC /* Thesis.xcdatamodel */;
			path = Thesis.xcdatamodeld;
			sourceTree = "<group>";
			versionGroupType = wrapper.xcdatamodel;
		};
/* End XCVersionGroup section */
	};
	rootObject = 4BB292D32074C3A700C394CC /* Project object */;
}
